
Microsoft Visual Studio Solution File, Format Version 12.00
# Visual Studio Version 16
VisualStudioVersion = 16.0.31424.327
MinimumVisualStudioVersion = 10.0.40219.1
Project("{FAE04EC0-301F-11D3-BF4B-00C04F79EFBC}") = "Commander", "Commander\Commander.csproj", "{77C63FCF-F4C6-47A7-A7FA-5892F398ADCF}"
EndProject
Global
	GlobalSection(SolutionConfigurationPlatforms) = preSolution
		Debug|Any CPU = Debug|Any CPU
		Release|Any CPU = Release|Any CPU
	EndGlobalSection
	GlobalSection(ProjectConfigurationPlatforms) = postSolution
		{77C63FCF-F4C6-47A7-A7FA-5892F398ADCF}.Debug|Any CPU.ActiveCfg = Debug|Any CPU
		{77C63FCF-F4C6-47A7-A7FA-5892F398ADCF}.Debug|Any CPU.Build.0 = Debug|Any CPU
		{77C63FCF-F4C6-47A7-A7FA-5892F398ADCF}.Release|Any CPU.ActiveCfg = Release|Any CPU
		{77C63FCF-F4C6-47A7-A7FA-5892F398ADCF}.Release|Any CPU.Build.0 = Release|Any CPU
	EndGlobalSection
	GlobalSection(SolutionProperties) = preSolution
		HideSolutionNode = FALSE
	EndGlobalSection
	GlobalSection(ExtensibilityGlobals) = postSolution
		SolutionGuid = {14340D81-3596-42D7-AD90-39044E878415}
	EndGlobalSection
EndGlobal
